{
    "_readme": [
        "This file locks the dependencies of your project to a known state",
        "Read more about it at https://getcomposer.org/doc/01-basic-usage.md#installing-dependencies",
        "This file is @generated automatically"
    ],
    "content-hash": "3e2ddfd85798c7737ddc4118aea0bb78",
    "packages": [
        {
            "name": "jazzsequence/nes.css",
            "version": "dev-develop",
            "source": {
                "type": "git",
                "url": "https://github.com/jazzsequence/NES.css.git",
                "reference": "b0c7ecd1cd4da63d72371b29fd6d44a663964d85"
            },
            "dist": {
                "type": "zip",
                "url": "https://api.github.com/repos/jazzsequence/NES.css/zipball/b0c7ecd1cd4da63d72371b29fd6d44a663964d85",
                "reference": "b0c7ecd1cd4da63d72371b29fd6d44a663964d85",
                "shasum": ""
            },
            "default-branch": true,
            "type": "library",
            "license": [
                "MIT"
            ],
            "authors": [
                {
                    "name": "Chris Reynolds",
                    "email": "chris@jazzsequence.com"
                }
            ],
            "description": "NES-style CSS Framework (forked form NPM version)",
            "support": {
                "source": "https://github.com/jazzsequence/NES.css/tree/develop"
            },
            "funding": [
                {
                    "type": "github",
                    "url": "https://github.com/BcRikko"
                }
            ],
            "time": "2024-02-12T05:16:44+00:00"
        }
    ],
    "packages-dev": [],
    "aliases": [],
    "minimum-stability": "stable",
    "stability-flags": {
        "jazzsequence/nes.css": 20
    },
    "prefer-stable": false,
    "prefer-lowest": false,
    "platform": [],
    "platform-dev": [],
    "plugin-api-version": "2.1.0"
}
